// !$*UTF8*$!
{
	archiveVersion = 1;
	classes = {
	};
	objectVersion = 48;
	objects = {

/* Begin PBXBuildFile section */
		840C6F9920651ECD00535787 /* WeightDeltaView.swift in Sources */ = {isa = PBXBuildFile; fileRef = 840C6F9820651ECD00535787 /* WeightDeltaView.swift */; };
		840E2FCE20ADB7A900EBDC0E /* DailyInputView.swift in Sources */ = {isa = PBXBuildFile; fileRef = 840E2FCD20ADB7A900EBDC0E /* DailyInputView.swift */; };
		840E2FD020ADBFF400EBDC0E /* DailyInputViewController.swift in Sources */ = {isa = PBXBuildFile; fileRef = 840E2FCF20ADBFF400EBDC0E /* DailyInputViewController.swift */; };
		840E2FD220ADEFB400EBDC0E /* HomeViewController.swift in Sources */ = {isa = PBXBuildFile; fileRef = 840E2FD120ADEFB400EBDC0E /* HomeViewController.swift */; };
		84123E982096F92B00F5639E /* HealthKit.framework in Frameworks */ = {isa = PBXBuildFile; fileRef = 84123E972096F92B00F5639E /* HealthKit.framework */; };
		84123E9B2096FBA900F5639E /* HealthStoreHelper.swift in Sources */ = {isa = PBXBuildFile; fileRef = 84123E9A2096FBA900F5639E /* HealthStoreHelper.swift */; };
		84123E9D20971C1900F5639E /* HealthKitViewController.swift in Sources */ = {isa = PBXBuildFile; fileRef = 84123E9C20971C1900F5639E /* HealthKitViewController.swift */; };
		84123EA02097556300F5639E /* transparentPixel.png in Resources */ = {isa = PBXBuildFile; fileRef = 84123E9F2097556300F5639E /* transparentPixel.png */; };
		841B5AA420436E7300ACAD15 /* AppDelegate.swift in Sources */ = {isa = PBXBuildFile; fileRef = 841B5AA320436E7300ACAD15 /* AppDelegate.swift */; };
		841B5AA920436E7300ACAD15 /* Main.storyboard in Resources */ = {isa = PBXBuildFile; fileRef = 841B5AA720436E7300ACAD15 /* Main.storyboard */; };
		841B5AAC20436E7300ACAD15 /* Database.xcdatamodeld in Sources */ = {isa = PBXBuildFile; fileRef = 841B5AAA20436E7300ACAD15 /* Database.xcdatamodeld */; };
		841B5AAE20436E7300ACAD15 /* Assets.xcassets in Resources */ = {isa = PBXBuildFile; fileRef = 841B5AAD20436E7300ACAD15 /* Assets.xcassets */; };
		841B5AB120436E7300ACAD15 /* LaunchScreen.storyboard in Resources */ = {isa = PBXBuildFile; fileRef = 841B5AAF20436E7300ACAD15 /* LaunchScreen.storyboard */; };
		841B5AB920436FA300ACAD15 /* Daily.swift in Sources */ = {isa = PBXBuildFile; fileRef = 841B5AB820436FA300ACAD15 /* Daily.swift */; };
		841B5ABB20445D2300ACAD15 /* DailyDataCollectionViewCell.swift in Sources */ = {isa = PBXBuildFile; fileRef = 841B5ABA20445D2300ACAD15 /* DailyDataCollectionViewCell.swift */; };
		842525462054E32F00CA0122 /* DailyCollectionViewController.swift in Sources */ = {isa = PBXBuildFile; fileRef = 842525452054E32F00CA0122 /* DailyCollectionViewController.swift */; };
		84398AFC20A19F0C0061AD69 /* DailyCalendarViewCell.swift in Sources */ = {isa = PBXBuildFile; fileRef = 84398AFB20A19F0C0061AD69 /* DailyCalendarViewCell.swift */; };
		84398AFE20A19F2C0061AD69 /* CalendarViewDataSource.swift in Sources */ = {isa = PBXBuildFile; fileRef = 84398AFD20A19F2C0061AD69 /* CalendarViewDataSource.swift */; };
		84398B0020A19FC10061AD69 /* CalendarMonthHeaderView.swift in Sources */ = {isa = PBXBuildFile; fileRef = 84398AFF20A19FC10061AD69 /* CalendarMonthHeaderView.swift */; };
		843BD0A1205E239D0049DD77 /* DailyCalendarViewController.swift in Sources */ = {isa = PBXBuildFile; fileRef = 843BD0A0205E239D0049DD77 /* DailyCalendarViewController.swift */; };
		843E470A207237BD0041BECB /* DailyCollectionViewProtocols.swift in Sources */ = {isa = PBXBuildFile; fileRef = 843E4709207237BD0041BECB /* DailyCollectionViewProtocols.swift */; };
		84696D8620499FF8002F31B4 /* DailyFetchedResultsController.swift in Sources */ = {isa = PBXBuildFile; fileRef = 84696D8520499FF8002F31B4 /* DailyFetchedResultsController.swift */; };
		84795BC720AD7E890035AB8C /* FeelView.swift in Sources */ = {isa = PBXBuildFile; fileRef = 84795BC620AD7E890035AB8C /* FeelView.swift */; };
		8498914820908F7E00C0E2EA /* IQKeyboardManager.bundle in Resources */ = {isa = PBXBuildFile; fileRef = 8498914720908F7E00C0E2EA /* IQKeyboardManager.bundle */; };
		8498914A2090B74800C0E2EA /* FirstResponder.swift in Sources */ = {isa = PBXBuildFile; fileRef = 849891492090B74800C0E2EA /* FirstResponder.swift */; };
		84AA51AC206FD89F00494049 /* DailyCollectionView.swift in Sources */ = {isa = PBXBuildFile; fileRef = 84AA51AB206FD89F00494049 /* DailyCollectionView.swift */; };
		84B49846204DC64C00DCFA05 /* CoreDataStack.swift in Sources */ = {isa = PBXBuildFile; fileRef = 84B49845204DC64C00DCFA05 /* CoreDataStack.swift */; };
		84B4984A205163A800DCFA05 /* TDEE.swift in Sources */ = {isa = PBXBuildFile; fileRef = 84B49849205163A800DCFA05 /* TDEE.swift */; };
		84C8934020B1561900590D86 /* CalorieBrainTests.swift in Sources */ = {isa = PBXBuildFile; fileRef = 84C8933F20B1561900590D86 /* CalorieBrainTests.swift */; };
		84DF1B8A2074EE890024D924 /* Measurement.swift in Sources */ = {isa = PBXBuildFile; fileRef = 84DF1B892074EE890024D924 /* Measurement.swift */; };
		84DF1B8C2074EEA50024D924 /* Date.swift in Sources */ = {isa = PBXBuildFile; fileRef = 84DF1B8B2074EEA50024D924 /* Date.swift */; };
		84E2F09920A2E5C900CB3C05 /* DailyCellDelegate.swift in Sources */ = {isa = PBXBuildFile; fileRef = 84E2F09820A2E5C900CB3C05 /* DailyCellDelegate.swift */; };
		84E2F0BF20A4D2A400CB3C05 /* Clamp.swift in Sources */ = {isa = PBXBuildFile; fileRef = 84E2F0B920A4D2A300CB3C05 /* Clamp.swift */; };
		84E2F0C020A4D2A400CB3C05 /* ShadowView.swift in Sources */ = {isa = PBXBuildFile; fileRef = 84E2F0BA20A4D2A300CB3C05 /* ShadowView.swift */; };
		84E2F0C120A4D2A400CB3C05 /* BorderView.swift in Sources */ = {isa = PBXBuildFile; fileRef = 84E2F0BB20A4D2A300CB3C05 /* BorderView.swift */; };
		84E2F0C220A4D2A400CB3C05 /* GradientView.swift in Sources */ = {isa = PBXBuildFile; fileRef = 84E2F0BC20A4D2A300CB3C05 /* GradientView.swift */; };
		84E2F0C320A4D2A400CB3C05 /* CGRect.swift in Sources */ = {isa = PBXBuildFile; fileRef = 84E2F0BD20A4D2A300CB3C05 /* CGRect.swift */; };
		84E2F0C420A4D2A400CB3C05 /* CircleProgressView.swift in Sources */ = {isa = PBXBuildFile; fileRef = 84E2F0BE20A4D2A400CB3C05 /* CircleProgressView.swift */; };
		84EE818F2045B31000E15A74 /* DailyItemPickerView.swift in Sources */ = {isa = PBXBuildFile; fileRef = 84EE818E2045B31000E15A74 /* DailyItemPickerView.swift */; };
		84F08540206A27BE00E47042 /* SettingsViewController.swift in Sources */ = {isa = PBXBuildFile; fileRef = 84F0853F206A27BE00E47042 /* SettingsViewController.swift */; };
		84F08544206A4A0300E47042 /* DailyCSV.swift in Sources */ = {isa = PBXBuildFile; fileRef = 84F08543206A4A0300E47042 /* DailyCSV.swift */; };
		84FC53912057C79900D20B3C /* CalendarViewController.swift in Sources */ = {isa = PBXBuildFile; fileRef = 84FC53902057C79900D20B3C /* CalendarViewController.swift */; };
		84FC53B9205940E900D20B3C /* DayViewCell.swift in Sources */ = {isa = PBXBuildFile; fileRef = 84FC53B8205940E900D20B3C /* DayViewCell.swift */; };
		84FC53BC205AFA4700D20B3C /* Array.swift in Sources */ = {isa = PBXBuildFile; fileRef = 84FC53BB205AFA4700D20B3C /* Array.swift */; };
		84FC53BF205CA16B00D20B3C /* UserDefaults.swift in Sources */ = {isa = PBXBuildFile; fileRef = 84FC53BE205CA16B00D20B3C /* UserDefaults.swift */; };
		84FC53C1205CA18900D20B3C /* Notification.swift in Sources */ = {isa = PBXBuildFile; fileRef = 84FC53C0205CA18900D20B3C /* Notification.swift */; };
		D1F4FCCEE0F9AC90744BD605 /* Pods_CalorieBurner.framework in Frameworks */ = {isa = PBXBuildFile; fileRef = 119A6DC4BC7977D94DBA1F0C /* Pods_CalorieBurner.framework */; };
/* End PBXBuildFile section */

/* Begin PBXContainerItemProxy section */
		8436A899206D410000946C32 /* PBXContainerItemProxy */ = {
			isa = PBXContainerItemProxy;
			containerPortal = 841B5A9820436E7300ACAD15 /* Project object */;
			proxyType = 1;
			remoteGlobalIDString = 841B5A9F20436E7300ACAD15;
			remoteInfo = CalorieBurner;
		};
/* End PBXContainerItemProxy section */

/* Begin PBXCopyFilesBuildPhase section */
		840C6F91206237DB00535787 /* Embed Frameworks */ = {
			isa = PBXCopyFilesBuildPhase;
			buildActionMask = 2147483647;
			dstPath = "";
			dstSubfolderSpec = 10;
			files = (
			);
			name = "Embed Frameworks";
			runOnlyForDeploymentPostprocessing = 0;
		};
/* End PBXCopyFilesBuildPhase section */

/* Begin PBXFileReference section */
		08AF3E2415CF65BCB46B7C49 /* Pods-CalorieBurner.release.xcconfig */ = {isa = PBXFileReference; includeInIndex = 1; lastKnownFileType = text.xcconfig; name = "Pods-CalorieBurner.release.xcconfig"; path = "Pods/Target Support Files/Pods-CalorieBurner/Pods-CalorieBurner.release.xcconfig"; sourceTree = "<group>"; };
		119A6DC4BC7977D94DBA1F0C /* Pods_CalorieBurner.framework */ = {isa = PBXFileReference; explicitFileType = wrapper.framework; includeInIndex = 0; path = Pods_CalorieBurner.framework; sourceTree = BUILT_PRODUCTS_DIR; };
		840C6F862062320D00535787 /* CocoaControls.framework */ = {isa = PBXFileReference; lastKnownFileType = wrapper.framework; name = CocoaControls.framework; path = "../../../Library/Developer/Xcode/DerivedData/CocoaControls-ezcniktufftancgvouvrcyaolfpa/Build/Products/Debug-iphonesimulator/CocoaControls.framework"; sourceTree = "<group>"; };
		840C6F9820651ECD00535787 /* WeightDeltaView.swift */ = {isa = PBXFileReference; lastKnownFileType = sourcecode.swift; path = WeightDeltaView.swift; sourceTree = "<group>"; };
		840E2FCD20ADB7A900EBDC0E /* DailyInputView.swift */ = {isa = PBXFileReference; lastKnownFileType = sourcecode.swift; path = DailyInputView.swift; sourceTree = "<group>"; };
		840E2FCF20ADBFF400EBDC0E /* DailyInputViewController.swift */ = {isa = PBXFileReference; lastKnownFileType = sourcecode.swift; path = DailyInputViewController.swift; sourceTree = "<group>"; };
		840E2FD120ADEFB400EBDC0E /* HomeViewController.swift */ = {isa = PBXFileReference; lastKnownFileType = sourcecode.swift; path = HomeViewController.swift; sourceTree = "<group>"; };
		84123E962096F92B00F5639E /* CalorieBurner.entitlements */ = {isa = PBXFileReference; lastKnownFileType = text.plist.entitlements; path = CalorieBurner.entitlements; sourceTree = "<group>"; };
		84123E972096F92B00F5639E /* HealthKit.framework */ = {isa = PBXFileReference; lastKnownFileType = wrapper.framework; name = HealthKit.framework; path = System/Library/Frameworks/HealthKit.framework; sourceTree = SDKROOT; };
		84123E9A2096FBA900F5639E /* HealthStoreHelper.swift */ = {isa = PBXFileReference; lastKnownFileType = sourcecode.swift; path = HealthStoreHelper.swift; sourceTree = "<group>"; };
		84123E9C20971C1900F5639E /* HealthKitViewController.swift */ = {isa = PBXFileReference; lastKnownFileType = sourcecode.swift; path = HealthKitViewController.swift; sourceTree = "<group>"; };
		84123E9F2097556300F5639E /* transparentPixel.png */ = {isa = PBXFileReference; lastKnownFileType = image.png; path = transparentPixel.png; sourceTree = "<group>"; };
		841B5AA020436E7300ACAD15 /* CalorieBurner.app */ = {isa = PBXFileReference; explicitFileType = wrapper.application; includeInIndex = 0; path = CalorieBurner.app; sourceTree = BUILT_PRODUCTS_DIR; };
		841B5AA320436E7300ACAD15 /* AppDelegate.swift */ = {isa = PBXFileReference; lastKnownFileType = sourcecode.swift; path = AppDelegate.swift; sourceTree = "<group>"; };
		841B5AA820436E7300ACAD15 /* Base */ = {isa = PBXFileReference; lastKnownFileType = file.storyboard; name = Base; path = Base.lproj/Main.storyboard; sourceTree = "<group>"; };
		841B5AAB20436E7300ACAD15 /* CalorieBurner.xcdatamodel */ = {isa = PBXFileReference; lastKnownFileType = wrapper.xcdatamodel; path = CalorieBurner.xcdatamodel; sourceTree = "<group>"; };
		841B5AAD20436E7300ACAD15 /* Assets.xcassets */ = {isa = PBXFileReference; lastKnownFileType = folder.assetcatalog; path = Assets.xcassets; sourceTree = "<group>"; };
		841B5AB020436E7300ACAD15 /* Base */ = {isa = PBXFileReference; lastKnownFileType = file.storyboard; name = Base; path = Base.lproj/LaunchScreen.storyboard; sourceTree = "<group>"; };
		841B5AB220436E7300ACAD15 /* Info.plist */ = {isa = PBXFileReference; lastKnownFileType = text.plist.xml; path = Info.plist; sourceTree = "<group>"; };
		841B5AB820436FA300ACAD15 /* Daily.swift */ = {isa = PBXFileReference; lastKnownFileType = sourcecode.swift; path = Daily.swift; sourceTree = "<group>"; };
		841B5ABA20445D2300ACAD15 /* DailyDataCollectionViewCell.swift */ = {isa = PBXFileReference; lastKnownFileType = sourcecode.swift; path = DailyDataCollectionViewCell.swift; sourceTree = "<group>"; };
		842525452054E32F00CA0122 /* DailyCollectionViewController.swift */ = {isa = PBXFileReference; lastKnownFileType = sourcecode.swift; path = DailyCollectionViewController.swift; sourceTree = "<group>"; };
		8436A894206D410000946C32 /* CalorieBurnerTests.xctest */ = {isa = PBXFileReference; explicitFileType = wrapper.cfbundle; includeInIndex = 0; path = CalorieBurnerTests.xctest; sourceTree = BUILT_PRODUCTS_DIR; };
		8436A898206D410000946C32 /* Info.plist */ = {isa = PBXFileReference; lastKnownFileType = text.plist.xml; path = Info.plist; sourceTree = "<group>"; };
		84398AFB20A19F0C0061AD69 /* DailyCalendarViewCell.swift */ = {isa = PBXFileReference; lastKnownFileType = sourcecode.swift; path = DailyCalendarViewCell.swift; sourceTree = "<group>"; };
		84398AFD20A19F2C0061AD69 /* CalendarViewDataSource.swift */ = {isa = PBXFileReference; lastKnownFileType = sourcecode.swift; path = CalendarViewDataSource.swift; sourceTree = "<group>"; };
		84398AFF20A19FC10061AD69 /* CalendarMonthHeaderView.swift */ = {isa = PBXFileReference; lastKnownFileType = sourcecode.swift; path = CalendarMonthHeaderView.swift; sourceTree = "<group>"; };
		843BD0A0205E239D0049DD77 /* DailyCalendarViewController.swift */ = {isa = PBXFileReference; lastKnownFileType = sourcecode.swift; path = DailyCalendarViewController.swift; sourceTree = "<group>"; };
		843E4709207237BD0041BECB /* DailyCollectionViewProtocols.swift */ = {isa = PBXFileReference; lastKnownFileType = sourcecode.swift; path = DailyCollectionViewProtocols.swift; sourceTree = "<group>"; };
		84696D8520499FF8002F31B4 /* DailyFetchedResultsController.swift */ = {isa = PBXFileReference; lastKnownFileType = sourcecode.swift; path = DailyFetchedResultsController.swift; sourceTree = "<group>"; };
		84795BC620AD7E890035AB8C /* FeelView.swift */ = {isa = PBXFileReference; lastKnownFileType = sourcecode.swift; path = FeelView.swift; sourceTree = "<group>"; };
		8498914720908F7E00C0E2EA /* IQKeyboardManager.bundle */ = {isa = PBXFileReference; lastKnownFileType = "wrapper.plug-in"; path = IQKeyboardManager.bundle; sourceTree = "<group>"; };
		849891492090B74800C0E2EA /* FirstResponder.swift */ = {isa = PBXFileReference; lastKnownFileType = sourcecode.swift; path = FirstResponder.swift; sourceTree = "<group>"; };
		84AA51AB206FD89F00494049 /* DailyCollectionView.swift */ = {isa = PBXFileReference; lastKnownFileType = sourcecode.swift; path = DailyCollectionView.swift; sourceTree = "<group>"; };
		84B49845204DC64C00DCFA05 /* CoreDataStack.swift */ = {isa = PBXFileReference; lastKnownFileType = sourcecode.swift; path = CoreDataStack.swift; sourceTree = "<group>"; };
		84B49849205163A800DCFA05 /* TDEE.swift */ = {isa = PBXFileReference; fileEncoding = 4; lastKnownFileType = sourcecode.swift; path = TDEE.swift; sourceTree = "<group>"; };
		84C8933E20B1561900590D86 /* CalorieBurnerTests-Bridging-Header.h */ = {isa = PBXFileReference; lastKnownFileType = sourcecode.c.h; path = "CalorieBurnerTests-Bridging-Header.h"; sourceTree = "<group>"; };
		84C8933F20B1561900590D86 /* CalorieBrainTests.swift */ = {isa = PBXFileReference; lastKnownFileType = sourcecode.swift; path = CalorieBrainTests.swift; sourceTree = "<group>"; };
		84DF1B892074EE890024D924 /* Measurement.swift */ = {isa = PBXFileReference; lastKnownFileType = sourcecode.swift; path = Measurement.swift; sourceTree = "<group>"; };
		84DF1B8B2074EEA50024D924 /* Date.swift */ = {isa = PBXFileReference; lastKnownFileType = sourcecode.swift; path = Date.swift; sourceTree = "<group>"; };
		84E2F09820A2E5C900CB3C05 /* DailyCellDelegate.swift */ = {isa = PBXFileReference; lastKnownFileType = sourcecode.swift; path = DailyCellDelegate.swift; sourceTree = "<group>"; };
		84E2F0B920A4D2A300CB3C05 /* Clamp.swift */ = {isa = PBXFileReference; lastKnownFileType = sourcecode.swift; path = Clamp.swift; sourceTree = "<group>"; };
		84E2F0BA20A4D2A300CB3C05 /* ShadowView.swift */ = {isa = PBXFileReference; lastKnownFileType = sourcecode.swift; path = ShadowView.swift; sourceTree = "<group>"; };
		84E2F0BB20A4D2A300CB3C05 /* BorderView.swift */ = {isa = PBXFileReference; lastKnownFileType = sourcecode.swift; path = BorderView.swift; sourceTree = "<group>"; };
		84E2F0BC20A4D2A300CB3C05 /* GradientView.swift */ = {isa = PBXFileReference; lastKnownFileType = sourcecode.swift; path = GradientView.swift; sourceTree = "<group>"; };
		84E2F0BD20A4D2A300CB3C05 /* CGRect.swift */ = {isa = PBXFileReference; lastKnownFileType = sourcecode.swift; path = CGRect.swift; sourceTree = "<group>"; };
		84E2F0BE20A4D2A400CB3C05 /* CircleProgressView.swift */ = {isa = PBXFileReference; lastKnownFileType = sourcecode.swift; path = CircleProgressView.swift; sourceTree = "<group>"; };
		84EE818E2045B31000E15A74 /* DailyItemPickerView.swift */ = {isa = PBXFileReference; lastKnownFileType = sourcecode.swift; path = DailyItemPickerView.swift; sourceTree = "<group>"; };
		84F0853F206A27BE00E47042 /* SettingsViewController.swift */ = {isa = PBXFileReference; lastKnownFileType = sourcecode.swift; path = SettingsViewController.swift; sourceTree = "<group>"; };
		84F08543206A4A0300E47042 /* DailyCSV.swift */ = {isa = PBXFileReference; lastKnownFileType = sourcecode.swift; path = DailyCSV.swift; sourceTree = "<group>"; };
		84FC53902057C79900D20B3C /* CalendarViewController.swift */ = {isa = PBXFileReference; lastKnownFileType = sourcecode.swift; path = CalendarViewController.swift; sourceTree = "<group>"; };
		84FC53B8205940E900D20B3C /* DayViewCell.swift */ = {isa = PBXFileReference; lastKnownFileType = sourcecode.swift; path = DayViewCell.swift; sourceTree = "<group>"; };
		84FC53BB205AFA4700D20B3C /* Array.swift */ = {isa = PBXFileReference; lastKnownFileType = sourcecode.swift; path = Array.swift; sourceTree = "<group>"; };
		84FC53BE205CA16B00D20B3C /* UserDefaults.swift */ = {isa = PBXFileReference; lastKnownFileType = sourcecode.swift; path = UserDefaults.swift; sourceTree = "<group>"; };
		84FC53C0205CA18900D20B3C /* Notification.swift */ = {isa = PBXFileReference; lastKnownFileType = sourcecode.swift; path = Notification.swift; sourceTree = "<group>"; };
		F492F8D6740FB7A78A15CA64 /* Pods-CalorieBurner.debug.xcconfig */ = {isa = PBXFileReference; includeInIndex = 1; lastKnownFileType = text.xcconfig; name = "Pods-CalorieBurner.debug.xcconfig"; path = "Pods/Target Support Files/Pods-CalorieBurner/Pods-CalorieBurner.debug.xcconfig"; sourceTree = "<group>"; };
/* End PBXFileReference section */

/* Begin PBXFrameworksBuildPhase section */
		841B5A9D20436E7300ACAD15 /* Frameworks */ = {
			isa = PBXFrameworksBuildPhase;
			buildActionMask = 2147483647;
			files = (
				84123E982096F92B00F5639E /* HealthKit.framework in Frameworks */,
				D1F4FCCEE0F9AC90744BD605 /* Pods_CalorieBurner.framework in Frameworks */,
			);
			runOnlyForDeploymentPostprocessing = 0;
		};
		8436A891206D410000946C32 /* Frameworks */ = {
			isa = PBXFrameworksBuildPhase;
			buildActionMask = 2147483647;
			files = (
			);
			runOnlyForDeploymentPostprocessing = 0;
		};
/* End PBXFrameworksBuildPhase section */

/* Begin PBXGroup section */
		6D4A4B85674B185AA1C4F1EA /* Frameworks */ = {
			isa = PBXGroup;
			children = (
				84123E972096F92B00F5639E /* HealthKit.framework */,
				840C6F862062320D00535787 /* CocoaControls.framework */,
				119A6DC4BC7977D94DBA1F0C /* Pods_CalorieBurner.framework */,
			);
			name = Frameworks;
			sourceTree = "<group>";
		};
		840C6F9720651EB700535787 /* Weight Delta */ = {
			isa = PBXGroup;
			children = (
				840C6F9820651ECD00535787 /* WeightDeltaView.swift */,
			);
			path = "Weight Delta";
			sourceTree = "<group>";
		};
		84123E992096FB1500F5639E /* HealthKit */ = {
			isa = PBXGroup;
			children = (
				84123E9A2096FBA900F5639E /* HealthStoreHelper.swift */,
				84123E9C20971C1900F5639E /* HealthKitViewController.swift */,
			);
			path = HealthKit;
			sourceTree = "<group>";
		};
		841B5A9720436E7300ACAD15 = {
			isa = PBXGroup;
			children = (
				841B5AA220436E7300ACAD15 /* CalorieBurner */,
				8436A895206D410000946C32 /* CalorieBurnerTests */,
				841B5AA120436E7300ACAD15 /* Products */,
				6D4A4B85674B185AA1C4F1EA /* Frameworks */,
				EC361288838167601122D6E4 /* Pods */,
			);
			sourceTree = "<group>";
		};
		841B5AA120436E7300ACAD15 /* Products */ = {
			isa = PBXGroup;
			children = (
				841B5AA020436E7300ACAD15 /* CalorieBurner.app */,
				8436A894206D410000946C32 /* CalorieBurnerTests.xctest */,
			);
			name = Products;
			sourceTree = "<group>";
		};
		841B5AA220436E7300ACAD15 /* CalorieBurner */ = {
			isa = PBXGroup;
			children = (
				84123E962096F92B00F5639E /* CalorieBurner.entitlements */,
				84E2F0C520A4D2AD00CB3C05 /* CocoaControls */,
				84F0853E206A27B000E47042 /* User Settings */,
				84123E992096FB1500F5639E /* HealthKit */,
				840C6F9720651EB700535787 /* Weight Delta */,
				84FC53BD205C9F8F00D20B3C /* Daily Collection */,
				84FC53BA205AFA2700D20B3C /* Convenience */,
				84FC538F2057C78400D20B3C /* Calendar */,
				84FC538E2057C71000D20B3C /* Core Data */,
				84FC538D2057C6F100D20B3C /* Supporting files */,
				84B49849205163A800DCFA05 /* TDEE.swift */,
				841B5AA720436E7300ACAD15 /* Main.storyboard */,
				840E2FD120ADEFB400EBDC0E /* HomeViewController.swift */,
			);
			path = CalorieBurner;
			sourceTree = "<group>";
		};
		8436A895206D410000946C32 /* CalorieBurnerTests */ = {
			isa = PBXGroup;
			children = (
				8436A898206D410000946C32 /* Info.plist */,
				84C8933F20B1561900590D86 /* CalorieBrainTests.swift */,
				84C8933E20B1561900590D86 /* CalorieBurnerTests-Bridging-Header.h */,
			);
			path = CalorieBurnerTests;
			sourceTree = "<group>";
		};
		84E2F0C520A4D2AD00CB3C05 /* CocoaControls */ = {
			isa = PBXGroup;
			children = (
				84E2F0BB20A4D2A300CB3C05 /* BorderView.swift */,
				84E2F0BD20A4D2A300CB3C05 /* CGRect.swift */,
				84E2F0BE20A4D2A400CB3C05 /* CircleProgressView.swift */,
				84E2F0B920A4D2A300CB3C05 /* Clamp.swift */,
				84795BC620AD7E890035AB8C /* FeelView.swift */,
				84E2F0BC20A4D2A300CB3C05 /* GradientView.swift */,
				84E2F0BA20A4D2A300CB3C05 /* ShadowView.swift */,
			);
			path = CocoaControls;
			sourceTree = "<group>";
		};
		84F0853E206A27B000E47042 /* User Settings */ = {
			isa = PBXGroup;
			children = (
				84F0853F206A27BE00E47042 /* SettingsViewController.swift */,
				84FC53BE205CA16B00D20B3C /* UserDefaults.swift */,
				84FC53C0205CA18900D20B3C /* Notification.swift */,
			);
			path = "User Settings";
			sourceTree = "<group>";
		};
		84F08542206A499900E47042 /* CSV */ = {
			isa = PBXGroup;
			children = (
				84F08543206A4A0300E47042 /* DailyCSV.swift */,
			);
			path = CSV;
			sourceTree = "<group>";
		};
		84FC538D2057C6F100D20B3C /* Supporting files */ = {
			isa = PBXGroup;
			children = (
				84123E9F2097556300F5639E /* transparentPixel.png */,
				8498914720908F7E00C0E2EA /* IQKeyboardManager.bundle */,
				841B5AA320436E7300ACAD15 /* AppDelegate.swift */,
				841B5AAD20436E7300ACAD15 /* Assets.xcassets */,
				841B5AAF20436E7300ACAD15 /* LaunchScreen.storyboard */,
				841B5AB220436E7300ACAD15 /* Info.plist */,
			);
			path = "Supporting files";
			sourceTree = "<group>";
		};
		84FC538E2057C71000D20B3C /* Core Data */ = {
			isa = PBXGroup;
			children = (
				84F08542206A499900E47042 /* CSV */,
				841B5AB820436FA300ACAD15 /* Daily.swift */,
				84B49845204DC64C00DCFA05 /* CoreDataStack.swift */,
				84696D8520499FF8002F31B4 /* DailyFetchedResultsController.swift */,
				841B5AAA20436E7300ACAD15 /* Database.xcdatamodeld */,
			);
			path = "Core Data";
			sourceTree = "<group>";
		};
		84FC538F2057C78400D20B3C /* Calendar */ = {
			isa = PBXGroup;
			children = (
				84FC53B8205940E900D20B3C /* DayViewCell.swift */,
				84398AFB20A19F0C0061AD69 /* DailyCalendarViewCell.swift */,
				84398AFD20A19F2C0061AD69 /* CalendarViewDataSource.swift */,
				84FC53902057C79900D20B3C /* CalendarViewController.swift */,
				84398AFF20A19FC10061AD69 /* CalendarMonthHeaderView.swift */,
				843BD0A0205E239D0049DD77 /* DailyCalendarViewController.swift */,
			);
			path = Calendar;
			sourceTree = "<group>";
		};
		84FC53BA205AFA2700D20B3C /* Convenience */ = {
			isa = PBXGroup;
			children = (
				84FC53BB205AFA4700D20B3C /* Array.swift */,
				849891492090B74800C0E2EA /* FirstResponder.swift */,
				84DF1B892074EE890024D924 /* Measurement.swift */,
				84DF1B8B2074EEA50024D924 /* Date.swift */,
			);
			path = Convenience;
			sourceTree = "<group>";
		};
		84FC53BD205C9F8F00D20B3C /* Daily Collection */ = {
			isa = PBXGroup;
			children = (
				84EE818E2045B31000E15A74 /* DailyItemPickerView.swift */,
				841B5ABA20445D2300ACAD15 /* DailyDataCollectionViewCell.swift */,
				84E2F09820A2E5C900CB3C05 /* DailyCellDelegate.swift */,
				842525452054E32F00CA0122 /* DailyCollectionViewController.swift */,
				84AA51AB206FD89F00494049 /* DailyCollectionView.swift */,
				843E4709207237BD0041BECB /* DailyCollectionViewProtocols.swift */,
				840E2FCD20ADB7A900EBDC0E /* DailyInputView.swift */,
				840E2FCF20ADBFF400EBDC0E /* DailyInputViewController.swift */,
			);
			path = "Daily Collection";
			sourceTree = "<group>";
		};
		EC361288838167601122D6E4 /* Pods */ = {
			isa = PBXGroup;
			children = (
				F492F8D6740FB7A78A15CA64 /* Pods-CalorieBurner.debug.xcconfig */,
				08AF3E2415CF65BCB46B7C49 /* Pods-CalorieBurner.release.xcconfig */,
			);
			name = Pods;
			sourceTree = "<group>";
		};
/* End PBXGroup section */

/* Begin PBXNativeTarget section */
		841B5A9F20436E7300ACAD15 /* CalorieBurner */ = {
			isa = PBXNativeTarget;
			buildConfigurationList = 841B5AB520436E7300ACAD15 /* Build configuration list for PBXNativeTarget "CalorieBurner" */;
			buildPhases = (
				242D233C3B9BB169789E7BDD /* [CP] Check Pods Manifest.lock */,
				841B5A9C20436E7300ACAD15 /* Sources */,
				841B5A9D20436E7300ACAD15 /* Frameworks */,
				841B5A9E20436E7300ACAD15 /* Resources */,
				840C6F91206237DB00535787 /* Embed Frameworks */,
				D590E20AEDB7F0F5454FCD05 /* [CP] Embed Pods Frameworks */,
			);
			buildRules = (
			);
			dependencies = (
			);
			name = CalorieBurner;
			productName = CalorieBurner;
			productReference = 841B5AA020436E7300ACAD15 /* CalorieBurner.app */;
			productType = "com.apple.product-type.application";
		};
		8436A893206D410000946C32 /* CalorieBurnerTests */ = {
			isa = PBXNativeTarget;
			buildConfigurationList = 8436A89D206D410000946C32 /* Build configuration list for PBXNativeTarget "CalorieBurnerTests" */;
			buildPhases = (
				8436A890206D410000946C32 /* Sources */,
				8436A891206D410000946C32 /* Frameworks */,
				8436A892206D410000946C32 /* Resources */,
			);
			buildRules = (
			);
			dependencies = (
				8436A89A206D410000946C32 /* PBXTargetDependency */,
			);
			name = CalorieBurnerTests;
			productName = CalorieBurnerTests;
			productReference = 8436A894206D410000946C32 /* CalorieBurnerTests.xctest */;
			productType = "com.apple.product-type.bundle.unit-test";
		};
/* End PBXNativeTarget section */

/* Begin PBXProject section */
		841B5A9820436E7300ACAD15 /* Project object */ = {
			isa = PBXProject;
			attributes = {
				LastSwiftUpdateCheck = 0920;
				LastUpgradeCheck = 0930;
				ORGANIZATIONNAME = "Dino Srdoč";
				TargetAttributes = {
					841B5A9F20436E7300ACAD15 = {
						CreatedOnToolsVersion = 9.2;
						ProvisioningStyle = Automatic;
						SystemCapabilities = {
							com.apple.HealthKit = {
								enabled = 1;
							};
						};
					};
					8436A893206D410000946C32 = {
						CreatedOnToolsVersion = 9.2;
						LastSwiftMigration = 0930;
						ProvisioningStyle = Automatic;
						TestTargetID = 841B5A9F20436E7300ACAD15;
					};
				};
			};
			buildConfigurationList = 841B5A9B20436E7300ACAD15 /* Build configuration list for PBXProject "CalorieBurner" */;
			compatibilityVersion = "Xcode 8.0";
			developmentRegion = en;
			hasScannedForEncodings = 0;
			knownRegions = (
				en,
				Base,
			);
			mainGroup = 841B5A9720436E7300ACAD15;
			productRefGroup = 841B5AA120436E7300ACAD15 /* Products */;
			projectDirPath = "";
			projectRoot = "";
			targets = (
				841B5A9F20436E7300ACAD15 /* CalorieBurner */,
				8436A893206D410000946C32 /* CalorieBurnerTests */,
			);
		};
/* End PBXProject section */

/* Begin PBXResourcesBuildPhase section */
		841B5A9E20436E7300ACAD15 /* Resources */ = {
			isa = PBXResourcesBuildPhase;
			buildActionMask = 2147483647;
			files = (
				841B5AB120436E7300ACAD15 /* LaunchScreen.storyboard in Resources */,
				841B5AAE20436E7300ACAD15 /* Assets.xcassets in Resources */,
				84123EA02097556300F5639E /* transparentPixel.png in Resources */,
				8498914820908F7E00C0E2EA /* IQKeyboardManager.bundle in Resources */,
				841B5AA920436E7300ACAD15 /* Main.storyboard in Resources */,
			);
			runOnlyForDeploymentPostprocessing = 0;
		};
		8436A892206D410000946C32 /* Resources */ = {
			isa = PBXResourcesBuildPhase;
			buildActionMask = 2147483647;
			files = (
			);
			runOnlyForDeploymentPostprocessing = 0;
		};
/* End PBXResourcesBuildPhase section */

/* Begin PBXShellScriptBuildPhase section */
		242D233C3B9BB169789E7BDD /* [CP] Check Pods Manifest.lock */ = {
			isa = PBXShellScriptBuildPhase;
			buildActionMask = 2147483647;
			files = (
			);
			inputPaths = (
				"${PODS_PODFILE_DIR_PATH}/Podfile.lock",
				"${PODS_ROOT}/Manifest.lock",
			);
			name = "[CP] Check Pods Manifest.lock";
			outputPaths = (
				"$(DERIVED_FILE_DIR)/Pods-CalorieBurner-checkManifestLockResult.txt",
			);
			runOnlyForDeploymentPostprocessing = 0;
			shellPath = /bin/sh;
			shellScript = "diff \"${PODS_PODFILE_DIR_PATH}/Podfile.lock\" \"${PODS_ROOT}/Manifest.lock\" > /dev/null\nif [ $? != 0 ] ; then\n    # print error to STDERR\n    echo \"error: The sandbox is not in sync with the Podfile.lock. Run 'pod install' or update your CocoaPods installation.\" >&2\n    exit 1\nfi\n# This output is used by Xcode 'outputs' to avoid re-running this script phase.\necho \"SUCCESS\" > \"${SCRIPT_OUTPUT_FILE_0}\"\n";
			showEnvVarsInLog = 0;
		};
		D590E20AEDB7F0F5454FCD05 /* [CP] Embed Pods Frameworks */ = {
			isa = PBXShellScriptBuildPhase;
			buildActionMask = 2147483647;
			files = (
			);
			inputPaths = (
				"${SRCROOT}/Pods/Target Support Files/Pods-CalorieBurner/Pods-CalorieBurner-frameworks.sh",
				"${BUILT_PRODUCTS_DIR}/IQKeyboardManagerSwift/IQKeyboardManagerSwift.framework",
				"${BUILT_PRODUCTS_DIR}/JTAppleCalendar/JTAppleCalendar.framework",
			);
			name = "[CP] Embed Pods Frameworks";
			outputPaths = (
				"${TARGET_BUILD_DIR}/${FRAMEWORKS_FOLDER_PATH}/IQKeyboardManagerSwift.framework",
				"${TARGET_BUILD_DIR}/${FRAMEWORKS_FOLDER_PATH}/JTAppleCalendar.framework",
			);
			runOnlyForDeploymentPostprocessing = 0;
			shellPath = /bin/sh;
			shellScript = "\"${SRCROOT}/Pods/Target Support Files/Pods-CalorieBurner/Pods-CalorieBurner-frameworks.sh\"\n";
			showEnvVarsInLog = 0;
		};
/* End PBXShellScriptBuildPhase section */

/* Begin PBXSourcesBuildPhase section */
		841B5A9C20436E7300ACAD15 /* Sources */ = {
			isa = PBXSourcesBuildPhase;
			buildActionMask = 2147483647;
			files = (
				84F08544206A4A0300E47042 /* DailyCSV.swift in Sources */,
				84DF1B8A2074EE890024D924 /* Measurement.swift in Sources */,
				843E470A207237BD0041BECB /* DailyCollectionViewProtocols.swift in Sources */,
				84398B0020A19FC10061AD69 /* CalendarMonthHeaderView.swift in Sources */,
				84FC53B9205940E900D20B3C /* DayViewCell.swift in Sources */,
				84E2F0C320A4D2A400CB3C05 /* CGRect.swift in Sources */,
				841B5ABB20445D2300ACAD15 /* DailyDataCollectionViewCell.swift in Sources */,
				84E2F0C120A4D2A400CB3C05 /* BorderView.swift in Sources */,
				84FC53912057C79900D20B3C /* CalendarViewController.swift in Sources */,
				84E2F0C020A4D2A400CB3C05 /* ShadowView.swift in Sources */,
				84398AFE20A19F2C0061AD69 /* CalendarViewDataSource.swift in Sources */,
				84FC53BF205CA16B00D20B3C /* UserDefaults.swift in Sources */,
				84E2F09920A2E5C900CB3C05 /* DailyCellDelegate.swift in Sources */,
				84F08540206A27BE00E47042 /* SettingsViewController.swift in Sources */,
				8498914A2090B74800C0E2EA /* FirstResponder.swift in Sources */,
				842525462054E32F00CA0122 /* DailyCollectionViewController.swift in Sources */,
				84FC53BC205AFA4700D20B3C /* Array.swift in Sources */,
				84E2F0BF20A4D2A400CB3C05 /* Clamp.swift in Sources */,
				840C6F9920651ECD00535787 /* WeightDeltaView.swift in Sources */,
				840E2FCE20ADB7A900EBDC0E /* DailyInputView.swift in Sources */,
				840E2FD220ADEFB400EBDC0E /* HomeViewController.swift in Sources */,
				84E2F0C220A4D2A400CB3C05 /* GradientView.swift in Sources */,
				84696D8620499FF8002F31B4 /* DailyFetchedResultsController.swift in Sources */,
				84B4984A205163A800DCFA05 /* TDEE.swift in Sources */,
				84B49846204DC64C00DCFA05 /* CoreDataStack.swift in Sources */,
				84398AFC20A19F0C0061AD69 /* DailyCalendarViewCell.swift in Sources */,
				841B5AB920436FA300ACAD15 /* Daily.swift in Sources */,
				841B5AA420436E7300ACAD15 /* AppDelegate.swift in Sources */,
				843BD0A1205E239D0049DD77 /* DailyCalendarViewController.swift in Sources */,
				84DF1B8C2074EEA50024D924 /* Date.swift in Sources */,
				841B5AAC20436E7300ACAD15 /* Database.xcdatamodeld in Sources */,
				84EE818F2045B31000E15A74 /* DailyItemPickerView.swift in Sources */,
				84795BC720AD7E890035AB8C /* FeelView.swift in Sources */,
				84123E9D20971C1900F5639E /* HealthKitViewController.swift in Sources */,
				84123E9B2096FBA900F5639E /* HealthStoreHelper.swift in Sources */,
				84FC53C1205CA18900D20B3C /* Notification.swift in Sources */,
				84AA51AC206FD89F00494049 /* DailyCollectionView.swift in Sources */,
				84E2F0C420A4D2A400CB3C05 /* CircleProgressView.swift in Sources */,
				840E2FD020ADBFF400EBDC0E /* DailyInputViewController.swift in Sources */,
			);
			runOnlyForDeploymentPostprocessing = 0;
		};
		8436A890206D410000946C32 /* Sources */ = {
			isa = PBXSourcesBuildPhase;
			buildActionMask = 2147483647;
			files = (
				84C8934020B1561900590D86 /* CalorieBrainTests.swift in Sources */,
			);
			runOnlyForDeploymentPostprocessing = 0;
		};
/* End PBXSourcesBuildPhase section */

/* Begin PBXTargetDependency section */
		8436A89A206D410000946C32 /* PBXTargetDependency */ = {
			isa = PBXTargetDependency;
			target = 841B5A9F20436E7300ACAD15 /* CalorieBurner */;
			targetProxy = 8436A899206D410000946C32 /* PBXContainerItemProxy */;
		};
/* End PBXTargetDependency section */

/* Begin PBXVariantGroup section */
		841B5AA720436E7300ACAD15 /* Main.storyboard */ = {
			isa = PBXVariantGroup;
			children = (
				841B5AA820436E7300ACAD15 /* Base */,
			);
			name = Main.storyboard;
			sourceTree = "<group>";
		};
		841B5AAF20436E7300ACAD15 /* LaunchScreen.storyboard */ = {
			isa = PBXVariantGroup;
			children = (
				841B5AB020436E7300ACAD15 /* Base */,
			);
			name = LaunchScreen.storyboard;
			sourceTree = "<group>";
		};
/* End PBXVariantGroup section */

/* Begin XCBuildConfiguration section */
		841B5AB320436E7300ACAD15 /* Debug */ = {
			isa = XCBuildConfiguration;
			buildSettings = {
				ALWAYS_SEARCH_USER_PATHS = NO;
				CLANG_ANALYZER_NONNULL = YES;
				CLANG_ANALYZER_NUMBER_OBJECT_CONVERSION = YES_AGGRESSIVE;
				CLANG_CXX_LANGUAGE_STANDARD = "gnu++14";
				CLANG_CXX_LIBRARY = "libc++";
				CLANG_ENABLE_MODULES = YES;
				CLANG_ENABLE_OBJC_ARC = YES;
				CLANG_WARN_BLOCK_CAPTURE_AUTORELEASING = YES;
				CLANG_WARN_BOOL_CONVERSION = YES;
				CLANG_WARN_COMMA = YES;
				CLANG_WARN_CONSTANT_CONVERSION = YES;
				CLANG_WARN_DEPRECATED_OBJC_IMPLEMENTATIONS = YES;
				CLANG_WARN_DIRECT_OBJC_ISA_USAGE = YES_ERROR;
				CLANG_WARN_DOCUMENTATION_COMMENTS = YES;
				CLANG_WARN_EMPTY_BODY = YES;
				CLANG_WARN_ENUM_CONVERSION = YES;
				CLANG_WARN_INFINITE_RECURSION = YES;
				CLANG_WARN_INT_CONVERSION = YES;
				CLANG_WARN_NON_LITERAL_NULL_CONVERSION = YES;
				CLANG_WARN_OBJC_IMPLICIT_RETAIN_SELF = YES;
				CLANG_WARN_OBJC_LITERAL_CONVERSION = YES;
				CLANG_WARN_OBJC_ROOT_CLASS = YES_ERROR;
				CLANG_WARN_RANGE_LOOP_ANALYSIS = YES;
				CLANG_WARN_STRICT_PROTOTYPES = YES;
				CLANG_WARN_SUSPICIOUS_MOVE = YES;
				CLANG_WARN_UNGUARDED_AVAILABILITY = YES_AGGRESSIVE;
				CLANG_WARN_UNREACHABLE_CODE = YES;
				CLANG_WARN__DUPLICATE_METHOD_MATCH = YES;
				CODE_SIGN_IDENTITY = "iPhone Developer";
				COPY_PHASE_STRIP = NO;
				DEBUG_INFORMATION_FORMAT = dwarf;
				ENABLE_STRICT_OBJC_MSGSEND = YES;
				ENABLE_TESTABILITY = YES;
				GCC_C_LANGUAGE_STANDARD = gnu11;
				GCC_DYNAMIC_NO_PIC = NO;
				GCC_NO_COMMON_BLOCKS = YES;
				GCC_OPTIMIZATION_LEVEL = 0;
				GCC_PREPROCESSOR_DEFINITIONS = (
					"DEBUG=1",
					"$(inherited)",
				);
				GCC_WARN_64_TO_32_BIT_CONVERSION = YES;
				GCC_WARN_ABOUT_RETURN_TYPE = YES_ERROR;
				GCC_WARN_UNDECLARED_SELECTOR = YES;
				GCC_WARN_UNINITIALIZED_AUTOS = YES_AGGRESSIVE;
				GCC_WARN_UNUSED_FUNCTION = YES;
				GCC_WARN_UNUSED_VARIABLE = YES;
				IPHONEOS_DEPLOYMENT_TARGET = 11.2;
				MTL_ENABLE_DEBUG_INFO = YES;
				ONLY_ACTIVE_ARCH = YES;
				SDKROOT = iphoneos;
				SWIFT_ACTIVE_COMPILATION_CONDITIONS = DEBUG;
				SWIFT_OPTIMIZATION_LEVEL = "-Onone";
			};
			name = Debug;
		};
		841B5AB420436E7300ACAD15 /* Release */ = {
			isa = XCBuildConfiguration;
			buildSettings = {
				ALWAYS_SEARCH_USER_PATHS = NO;
				CLANG_ANALYZER_NONNULL = YES;
				CLANG_ANALYZER_NUMBER_OBJECT_CONVERSION = YES_AGGRESSIVE;
				CLANG_CXX_LANGUAGE_STANDARD = "gnu++14";
				CLANG_CXX_LIBRARY = "libc++";
				CLANG_ENABLE_MODULES = YES;
				CLANG_ENABLE_OBJC_ARC = YES;
				CLANG_WARN_BLOCK_CAPTURE_AUTORELEASING = YES;
				CLANG_WARN_BOOL_CONVERSION = YES;
				CLANG_WARN_COMMA = YES;
				CLANG_WARN_CONSTANT_CONVERSION = YES;
				CLANG_WARN_DEPRECATED_OBJC_IMPLEMENTATIONS = YES;
				CLANG_WARN_DIRECT_OBJC_ISA_USAGE = YES_ERROR;
				CLANG_WARN_DOCUMENTATION_COMMENTS = YES;
				CLANG_WARN_EMPTY_BODY = YES;
				CLANG_WARN_ENUM_CONVERSION = YES;
				CLANG_WARN_INFINITE_RECURSION = YES;
				CLANG_WARN_INT_CONVERSION = YES;
				CLANG_WARN_NON_LITERAL_NULL_CONVERSION = YES;
				CLANG_WARN_OBJC_IMPLICIT_RETAIN_SELF = YES;
				CLANG_WARN_OBJC_LITERAL_CONVERSION = YES;
				CLANG_WARN_OBJC_ROOT_CLASS = YES_ERROR;
				CLANG_WARN_RANGE_LOOP_ANALYSIS = YES;
				CLANG_WARN_STRICT_PROTOTYPES = YES;
				CLANG_WARN_SUSPICIOUS_MOVE = YES;
				CLANG_WARN_UNGUARDED_AVAILABILITY = YES_AGGRESSIVE;
				CLANG_WARN_UNREACHABLE_CODE = YES;
				CLANG_WARN__DUPLICATE_METHOD_MATCH = YES;
				CODE_SIGN_IDENTITY = "iPhone Developer";
				COPY_PHASE_STRIP = NO;
				DEBUG_INFORMATION_FORMAT = "dwarf-with-dsym";
				ENABLE_NS_ASSERTIONS = NO;
				ENABLE_STRICT_OBJC_MSGSEND = YES;
				GCC_C_LANGUAGE_STANDARD = gnu11;
				GCC_NO_COMMON_BLOCKS = YES;
				GCC_WARN_64_TO_32_BIT_CONVERSION = YES;
				GCC_WARN_ABOUT_RETURN_TYPE = YES_ERROR;
				GCC_WARN_UNDECLARED_SELECTOR = YES;
				GCC_WARN_UNINITIALIZED_AUTOS = YES_AGGRESSIVE;
				GCC_WARN_UNUSED_FUNCTION = YES;
				GCC_WARN_UNUSED_VARIABLE = YES;
				IPHONEOS_DEPLOYMENT_TARGET = 11.2;
				MTL_ENABLE_DEBUG_INFO = NO;
				SDKROOT = iphoneos;
				SWIFT_OPTIMIZATION_LEVEL = "-Owholemodule";
				VALIDATE_PRODUCT = YES;
			};
			name = Release;
		};
		841B5AB620436E7300ACAD15 /* Debug */ = {
			isa = XCBuildConfiguration;
			baseConfigurationReference = F492F8D6740FB7A78A15CA64 /* Pods-CalorieBurner.debug.xcconfig */;
			buildSettings = {
				ALWAYS_EMBED_SWIFT_STANDARD_LIBRARIES = YES;
				ASSETCATALOG_COMPILER_APPICON_NAME = AppIcon;
				CODE_SIGN_ENTITLEMENTS = CalorieBurner/CalorieBurner.entitlements;
				CODE_SIGN_STYLE = Automatic;
				DEVELOPMENT_TEAM = RW5YX8CCC9;
				FRAMEWORK_SEARCH_PATHS = (
					"$(inherited)",
					"$(PROJECT_DIR)",
				);
				INFOPLIST_FILE = "$(SRCROOT)/CalorieBurner/Supporting files/Info.plist";
				LD_RUNPATH_SEARCH_PATHS = "$(inherited) @executable_path/Frameworks";
				PRODUCT_BUNDLE_IDENTIFIER = me.dinosrdoc.CalorieBurner;
				PRODUCT_NAME = "$(TARGET_NAME)";
				SWIFT_VERSION = 4.0;
				TARGETED_DEVICE_FAMILY = "1,2";
			};
			name = Debug;
		};
		841B5AB720436E7300ACAD15 /* Release */ = {
			isa = XCBuildConfiguration;
			baseConfigurationReference = 08AF3E2415CF65BCB46B7C49 /* Pods-CalorieBurner.release.xcconfig */;
			buildSettings = {
				ALWAYS_EMBED_SWIFT_STANDARD_LIBRARIES = YES;
				ASSETCATALOG_COMPILER_APPICON_NAME = AppIcon;
				CODE_SIGN_ENTITLEMENTS = CalorieBurner/CalorieBurner.entitlements;
				CODE_SIGN_STYLE = Automatic;
				DEVELOPMENT_TEAM = RW5YX8CCC9;
				FRAMEWORK_SEARCH_PATHS = (
					"$(inherited)",
					"$(PROJECT_DIR)",
				);
				INFOPLIST_FILE = "$(SRCROOT)/CalorieBurner/Supporting files/Info.plist";
				LD_RUNPATH_SEARCH_PATHS = "$(inherited) @executable_path/Frameworks";
				PRODUCT_BUNDLE_IDENTIFIER = me.dinosrdoc.CalorieBurner;
				PRODUCT_NAME = "$(TARGET_NAME)";
				SWIFT_VERSION = 4.0;
				TARGETED_DEVICE_FAMILY = "1,2";
			};
			name = Release;
		};
		8436A89B206D410000946C32 /* Debug */ = {
			isa = XCBuildConfiguration;
			buildSettings = {
				BUNDLE_LOADER = "$(TEST_HOST)";
				CLANG_ENABLE_MODULES = YES;
				CODE_SIGN_STYLE = Automatic;
				DEVELOPMENT_TEAM = RW5YX8CCC9;
				INFOPLIST_FILE = CalorieBurnerTests/Info.plist;
				LD_RUNPATH_SEARCH_PATHS = "$(inherited) @executable_path/Frameworks @loader_path/Frameworks";
				PRODUCT_BUNDLE_IDENTIFIER = me.dinosrdoc.CalorieBurnerTests;
				PRODUCT_NAME = "$(TARGET_NAME)";
				SWIFT_OBJC_BRIDGING_HEADER = "CalorieBurnerTests/CalorieBurnerTests-Bridging-Header.h";
				SWIFT_OPTIMIZATION_LEVEL = "-Onone";
				SWIFT_VERSION = 4.0;
				TARGETED_DEVICE_FAMILY = "1,2";
				TEST_HOST = "$(BUILT_PRODUCTS_DIR)/CalorieBurner.app/CalorieBurner";
			};
			name = Debug;
		};
		8436A89C206D410000946C32 /* Release */ = {
			isa = XCBuildConfiguration;
			buildSettings = {
				BUNDLE_LOADER = "$(TEST_HOST)";
				CLANG_ENABLE_MODULES = YES;
				CODE_SIGN_STYLE = Automatic;
				DEVELOPMENT_TEAM = RW5YX8CCC9;
				INFOPLIST_FILE = CalorieBurnerTests/Info.plist;
				LD_RUNPATH_SEARCH_PATHS = "$(inherited) @executable_path/Frameworks @loader_path/Frameworks";
				PRODUCT_BUNDLE_IDENTIFIER = me.dinosrdoc.CalorieBurnerTests;
				PRODUCT_NAME = "$(TARGET_NAME)";
				SWIFT_OBJC_BRIDGING_HEADER = "CalorieBurnerTests/CalorieBurnerTests-Bridging-Header.h";
				SWIFT_VERSION = 4.0;
				TARGETED_DEVICE_FAMILY = "1,2";
				TEST_HOST = "$(BUILT_PRODUCTS_DIR)/CalorieBurner.app/CalorieBurner";
			};
			name = Release;
		};
/* End XCBuildConfiguration section */

/* Begin XCConfigurationList section */
		841B5A9B20436E7300ACAD15 /* Build configuration list for PBXProject "CalorieBurner" */ = {
			isa = XCConfigurationList;
			buildConfigurations = (
				841B5AB320436E7300ACAD15 /* Debug */,
				841B5AB420436E7300ACAD15 /* Release */,
			);
			defaultConfigurationIsVisible = 0;
			defaultConfigurationName = Release;
		};
		841B5AB520436E7300ACAD15 /* Build configuration list for PBXNativeTarget "CalorieBurner" */ = {
			isa = XCConfigurationList;
			buildConfigurations = (
				841B5AB620436E7300ACAD15 /* Debug */,
				841B5AB720436E7300ACAD15 /* Release */,
			);
			defaultConfigurationIsVisible = 0;
			defaultConfigurationName = Release;
		};
		8436A89D206D410000946C32 /* Build configuration list for PBXNativeTarget "CalorieBurnerTests" */ = {
			isa = XCConfigurationList;
			buildConfigurations = (
				8436A89B206D410000946C32 /* Debug */,
				8436A89C206D410000946C32 /* Release */,
			);
			defaultConfigurationIsVisible = 0;
			defaultConfigurationName = Release;
		};
/* End XCConfigurationList section */

/* Begin XCVersionGroup section */
		841B5AAA20436E7300ACAD15 /* Database.xcdatamodeld */ = {
			isa = XCVersionGroup;
			children = (
				841B5AAB20436E7300ACAD15 /* CalorieBurner.xcdatamodel */,
			);
			currentVersion = 841B5AAB20436E7300ACAD15 /* CalorieBurner.xcdatamodel */;
			path = Database.xcdatamodeld;
			sourceTree = "<group>";
			versionGroupType = wrapper.xcdatamodel;
		};
/* End XCVersionGroup section */
	};
	rootObject = 841B5A9820436E7300ACAD15 /* Project object */;
}
